
Microsoft Visual Studio Solution File, Format Version 12.00
# Visual Studio Version 17
VisualStudioVersion = 17.2.32616.157
MinimumVisualStudioVersion = 10.0.40219.1
Project("{FAE04EC0-301F-11D3-BF4B-00C04F79EFBC}") = "Monkey Tower Defence", "Monkey Tower Defence\Monkey Tower Defence.csproj", "{D98514F8-BE35-4F72-BCE3-7594AEEE0A07}"
EndProject
Global
	GlobalSection(SolutionConfigurationPlatforms) = preSolution
		Debug|Any CPU = Debug|Any CPU
		Release|Any CPU = Release|Any CPU
	EndGlobalSection
	GlobalSection(ProjectConfigurationPlatforms) = postSolution
		{D98514F8-BE35-4F72-BCE3-7594AEEE0A07}.Debug|Any CPU.ActiveCfg = Debug|Any CPU
		{D98514F8-BE35-4F72-BCE3-7594AEEE0A07}.Debug|Any CPU.Build.0 = Debug|Any CPU
		{D98514F8-BE35-4F72-BCE3-7594AEEE0A07}.Release|Any CPU.ActiveCfg = Release|Any CPU
		{D98514F8-BE35-4F72-BCE3-7594AEEE0A07}.Release|Any CPU.Build.0 = Release|Any CPU
	EndGlobalSection
	GlobalSection(SolutionProperties) = preSolution
		HideSolutionNode = FALSE
	EndGlobalSection
	GlobalSection(ExtensibilityGlobals) = postSolution
		SolutionGuid = {F831C1C2-EE70-46C3-8603-10A6FA6450AE}
	EndGlobalSection
EndGlobal
